
Microsoft Visual Studio Solution File, Format Version 12.00
# Visual Studio Version 17
VisualStudioVersion = 17.11.35208.52
MinimumVisualStudioVersion = 10.0.40219.1
Project("{9A19103F-16F7-4668-BE54-9A1E7A4F7556}") = "BlogProject", "BlogProject\BlogProject.csproj", "{125414F2-B283-4A0F-A9C9-379EDC94FED9}"
EndProject
Project("{FAE04EC0-301F-11D3-BF4B-00C04F79EFBC}") = "SampleManager", "SampleManager\SampleManager.csproj", "{A5E35231-1640-4D1E-B4DD-AC9C396F5D1A}"
EndProject
Project("{FAE04EC0-301F-11D3-BF4B-00C04F79EFBC}") = "SampleModels", "SampleModels\SampleModels.csproj", "{C0DCA01B-C490-4146-B9BD-12707EAD0065}"
EndProject
Global
	GlobalSection(SolutionConfigurationPlatforms) = preSolution
		Debug|Any CPU = Debug|Any CPU
		Release|Any CPU = Release|Any CPU
	EndGlobalSection
	GlobalSection(ProjectConfigurationPlatforms) = postSolution
		{125414F2-B283-4A0F-A9C9-379EDC94FED9}.Debug|Any CPU.ActiveCfg = Debug|Any CPU
		{125414F2-B283-4A0F-A9C9-379EDC94FED9}.Debug|Any CPU.Build.0 = Debug|Any CPU
		{125414F2-B283-4A0F-A9C9-379EDC94FED9}.Release|Any CPU.ActiveCfg = Release|Any CPU
		{125414F2-B283-4A0F-A9C9-379EDC94FED9}.Release|Any CPU.Build.0 = Release|Any CPU
		{A5E35231-1640-4D1E-B4DD-AC9C396F5D1A}.Debug|Any CPU.ActiveCfg = Debug|Any CPU
		{A5E35231-1640-4D1E-B4DD-AC9C396F5D1A}.Debug|Any CPU.Build.0 = Debug|Any CPU
		{A5E35231-1640-4D1E-B4DD-AC9C396F5D1A}.Release|Any CPU.ActiveCfg = Release|Any CPU
		{A5E35231-1640-4D1E-B4DD-AC9C396F5D1A}.Release|Any CPU.Build.0 = Release|Any CPU
		{C0DCA01B-C490-4146-B9BD-12707EAD0065}.Debug|Any CPU.ActiveCfg = Debug|Any CPU
		{C0DCA01B-C490-4146-B9BD-12707EAD0065}.Debug|Any CPU.Build.0 = Debug|Any CPU
		{C0DCA01B-C490-4146-B9BD-12707EAD0065}.Release|Any CPU.ActiveCfg = Release|Any CPU
		{C0DCA01B-C490-4146-B9BD-12707EAD0065}.Release|Any CPU.Build.0 = Release|Any CPU
	EndGlobalSection
	GlobalSection(SolutionProperties) = preSolution
		HideSolutionNode = FALSE
	EndGlobalSection
	GlobalSection(ExtensibilityGlobals) = postSolution
		SolutionGuid = {CD7D63E4-6425-4397-9763-6BFA5E336602}
	EndGlobalSection
EndGlobal
